
Microsoft Visual Studio Solution File, Format Version 12.00
# Visual Studio Version 16
VisualStudioVersion = 16.0.29728.190
MinimumVisualStudioVersion = 10.0.40219.1
Project("{9A19103F-16F7-4668-BE54-9A1E7A4F7556}") = "ConnetionString", "ConnetionString\ConnetionString.csproj", "{F3E6D1B3-91A5-4A9B-BB77-83BDD155285E}"
EndProject
Project("{9A19103F-16F7-4668-BE54-9A1E7A4F7556}") = "Connection", "SqlConnection\Connection.csproj", "{D5E47A82-4F30-4376-929C-1B216023D32D}"
EndProject
Project("{9A19103F-16F7-4668-BE54-9A1E7A4F7556}") = "Commands", "Commands\Commands.csproj", "{8B45F41A-EF67-45FA-9275-601245C7DEC5}"
EndProject
Project("{9A19103F-16F7-4668-BE54-9A1E7A4F7556}") = "SDReader", "SDReader\SDReader.csproj", "{3A5B65F3-8E48-40D6-BA74-F84B3B3FCF6E}"
EndProject
Project("{9A19103F-16F7-4668-BE54-9A1E7A4F7556}") = "Parametrizer", "Parametrizer\Parametrizer.csproj", "{183569E7-92C2-4BBD-9F0D-882786626CA6}"
EndProject
Project("{FAE04EC0-301F-11D3-BF4B-00C04F79EFBC}") = "_TransactionScope", "_TransactionScope\_TransactionScope.csproj", "{1F45A1E3-534A-455F-B226-31E6EA79E1E2}"
EndProject
Global
	GlobalSection(SolutionConfigurationPlatforms) = preSolution
		Debug|Any CPU = Debug|Any CPU
		Release|Any CPU = Release|Any CPU
	EndGlobalSection
	GlobalSection(ProjectConfigurationPlatforms) = postSolution
		{F3E6D1B3-91A5-4A9B-BB77-83BDD155285E}.Debug|Any CPU.ActiveCfg = Debug|Any CPU
		{F3E6D1B3-91A5-4A9B-BB77-83BDD155285E}.Debug|Any CPU.Build.0 = Debug|Any CPU
		{F3E6D1B3-91A5-4A9B-BB77-83BDD155285E}.Release|Any CPU.ActiveCfg = Release|Any CPU
		{F3E6D1B3-91A5-4A9B-BB77-83BDD155285E}.Release|Any CPU.Build.0 = Release|Any CPU
		{D5E47A82-4F30-4376-929C-1B216023D32D}.Debug|Any CPU.ActiveCfg = Debug|Any CPU
		{D5E47A82-4F30-4376-929C-1B216023D32D}.Debug|Any CPU.Build.0 = Debug|Any CPU
		{D5E47A82-4F30-4376-929C-1B216023D32D}.Release|Any CPU.ActiveCfg = Release|Any CPU
		{D5E47A82-4F30-4376-929C-1B216023D32D}.Release|Any CPU.Build.0 = Release|Any CPU
		{8B45F41A-EF67-45FA-9275-601245C7DEC5}.Debug|Any CPU.ActiveCfg = Debug|Any CPU
		{8B45F41A-EF67-45FA-9275-601245C7DEC5}.Debug|Any CPU.Build.0 = Debug|Any CPU
		{8B45F41A-EF67-45FA-9275-601245C7DEC5}.Release|Any CPU.ActiveCfg = Release|Any CPU
		{8B45F41A-EF67-45FA-9275-601245C7DEC5}.Release|Any CPU.Build.0 = Release|Any CPU
		{3A5B65F3-8E48-40D6-BA74-F84B3B3FCF6E}.Debug|Any CPU.ActiveCfg = Debug|Any CPU
		{3A5B65F3-8E48-40D6-BA74-F84B3B3FCF6E}.Debug|Any CPU.Build.0 = Debug|Any CPU
		{3A5B65F3-8E48-40D6-BA74-F84B3B3FCF6E}.Release|Any CPU.ActiveCfg = Release|Any CPU
		{3A5B65F3-8E48-40D6-BA74-F84B3B3FCF6E}.Release|Any CPU.Build.0 = Release|Any CPU
		{183569E7-92C2-4BBD-9F0D-882786626CA6}.Debug|Any CPU.ActiveCfg = Debug|Any CPU
		{183569E7-92C2-4BBD-9F0D-882786626CA6}.Debug|Any CPU.Build.0 = Debug|Any CPU
		{183569E7-92C2-4BBD-9F0D-882786626CA6}.Release|Any CPU.ActiveCfg = Release|Any CPU
		{183569E7-92C2-4BBD-9F0D-882786626CA6}.Release|Any CPU.Build.0 = Release|Any CPU
		{1F45A1E3-534A-455F-B226-31E6EA79E1E2}.Debug|Any CPU.ActiveCfg = Debug|Any CPU
		{1F45A1E3-534A-455F-B226-31E6EA79E1E2}.Debug|Any CPU.Build.0 = Debug|Any CPU
		{1F45A1E3-534A-455F-B226-31E6EA79E1E2}.Release|Any CPU.ActiveCfg = Release|Any CPU
		{1F45A1E3-534A-455F-B226-31E6EA79E1E2}.Release|Any CPU.Build.0 = Release|Any CPU
	EndGlobalSection
	GlobalSection(SolutionProperties) = preSolution
		HideSolutionNode = FALSE
	EndGlobalSection
	GlobalSection(ExtensibilityGlobals) = postSolution
		SolutionGuid = {7A1137A2-0330-4277-A53C-9B48E905C7E8}
	EndGlobalSection
EndGlobal
