
Microsoft Visual Studio Solution File, Format Version 12.00
# Visual Studio Version 16
VisualStudioVersion = 16.0.29728.190
MinimumVisualStudioVersion = 10.0.40219.1
Project("{FAE04EC0-301F-11D3-BF4B-00C04F79EFBC}") = "ConnetionString", "ConnetionString\ConnetionString.csproj", "{F3E6D1B3-91A5-4A9B-BB77-83BDD155285E}"
EndProject
Project("{FAE04EC0-301F-11D3-BF4B-00C04F79EFBC}") = "Connection", "SqlConnection\Connection.csproj", "{D5E47A82-4F30-4376-929C-1B216023D32D}"
EndProject
Project("{FAE04EC0-301F-11D3-BF4B-00C04F79EFBC}") = "Commands", "Commands\Commands.csproj", "{8B45F41A-EF67-45FA-9275-601245C7DEC5}"
EndProject
Global
	GlobalSection(SolutionConfigurationPlatforms) = preSolution
		Debug|Any CPU = Debug|Any CPU
		Release|Any CPU = Release|Any CPU
	EndGlobalSection
	GlobalSection(ProjectConfigurationPlatforms) = postSolution
		{F3E6D1B3-91A5-4A9B-BB77-83BDD155285E}.Debug|Any CPU.ActiveCfg = Debug|Any CPU
		{F3E6D1B3-91A5-4A9B-BB77-83BDD155285E}.Debug|Any CPU.Build.0 = Debug|Any CPU
		{F3E6D1B3-91A5-4A9B-BB77-83BDD155285E}.Release|Any CPU.ActiveCfg = Release|Any CPU
		{F3E6D1B3-91A5-4A9B-BB77-83BDD155285E}.Release|Any CPU.Build.0 = Release|Any CPU
		{D5E47A82-4F30-4376-929C-1B216023D32D}.Debug|Any CPU.ActiveCfg = Debug|Any CPU
		{D5E47A82-4F30-4376-929C-1B216023D32D}.Debug|Any CPU.Build.0 = Debug|Any CPU
		{D5E47A82-4F30-4376-929C-1B216023D32D}.Release|Any CPU.ActiveCfg = Release|Any CPU
		{D5E47A82-4F30-4376-929C-1B216023D32D}.Release|Any CPU.Build.0 = Release|Any CPU
		{8B45F41A-EF67-45FA-9275-601245C7DEC5}.Debug|Any CPU.ActiveCfg = Debug|Any CPU
		{8B45F41A-EF67-45FA-9275-601245C7DEC5}.Debug|Any CPU.Build.0 = Debug|Any CPU
		{8B45F41A-EF67-45FA-9275-601245C7DEC5}.Release|Any CPU.ActiveCfg = Release|Any CPU
		{8B45F41A-EF67-45FA-9275-601245C7DEC5}.Release|Any CPU.Build.0 = Release|Any CPU
	EndGlobalSection
	GlobalSection(SolutionProperties) = preSolution
		HideSolutionNode = FALSE
	EndGlobalSection
	GlobalSection(ExtensibilityGlobals) = postSolution
		SolutionGuid = {7A1137A2-0330-4277-A53C-9B48E905C7E8}
	EndGlobalSection
EndGlobal
